
Microsoft Visual Studio Solution File, Format Version 12.00
# Visual Studio Version 17
VisualStudioVersion = 17.10.35122.118
MinimumVisualStudioVersion = 10.0.40219.1
Project("{FAE04EC0-301F-11D3-BF4B-00C04F79EFBC}") = "UI.WinForms", "ImportWizard\UI.WinForms.csproj", "{0C610EF5-AA98-43D4-82EE-D96BE178EE6A}"
EndProject
Project("{FAE04EC0-301F-11D3-BF4B-00C04F79EFBC}") = "ImportWizard", "ImportWizard.Lib\ImportWizard.csproj", "{CD055D84-C255-4159-A7F2-375C230AD5A1}"
EndProject
Global
	GlobalSection(SolutionConfigurationPlatforms) = preSolution
		Debug|Any CPU = Debug|Any CPU
		Release|Any CPU = Release|Any CPU
	EndGlobalSection
	GlobalSection(ProjectConfigurationPlatforms) = postSolution
		{0C610EF5-AA98-43D4-82EE-D96BE178EE6A}.Debug|Any CPU.ActiveCfg = Debug|Any CPU
		{0C610EF5-AA98-43D4-82EE-D96BE178EE6A}.Debug|Any CPU.Build.0 = Debug|Any CPU
		{0C610EF5-AA98-43D4-82EE-D96BE178EE6A}.Release|Any CPU.ActiveCfg = Release|Any CPU
		{0C610EF5-AA98-43D4-82EE-D96BE178EE6A}.Release|Any CPU.Build.0 = Release|Any CPU
		{CD055D84-C255-4159-A7F2-375C230AD5A1}.Debug|Any CPU.ActiveCfg = Debug|Any CPU
		{CD055D84-C255-4159-A7F2-375C230AD5A1}.Debug|Any CPU.Build.0 = Debug|Any CPU
		{CD055D84-C255-4159-A7F2-375C230AD5A1}.Release|Any CPU.ActiveCfg = Release|Any CPU
		{CD055D84-C255-4159-A7F2-375C230AD5A1}.Release|Any CPU.Build.0 = Release|Any CPU
	EndGlobalSection
	GlobalSection(SolutionProperties) = preSolution
		HideSolutionNode = FALSE
	EndGlobalSection
	GlobalSection(ExtensibilityGlobals) = postSolution
		SolutionGuid = {17C014D7-52A7-470A-B015-05C772085A7D}
	EndGlobalSection
EndGlobal
